{
    "_meta": {
        "hash": {
            "sha256": "ad47cc3b89d199a234e53bb013d62c919b4748375fdddfb6c218d8d6f7650a5b"
        },
        "pipfile-spec": 6,
        "requires": {
            "python_version": "3.10"
        },
        "sources": [
            {
                "name": "pypi",
                "url": "https://pypi.org/simple",
                "verify_ssl": true
            }
        ]
    },
    "default": {},
    "develop": {}
}
